<?xml version="1.0" encoding="UTF-8"?>
<!DOCTYPE plist PUBLIC "-//Apple//DTD PLIST 1.0//EN" "http://www.apple.com/DTDs/PropertyList-1.0.dtd">
<plist version="1.0">
<dict>
	<key>archiveVersion</key>
	<string>1</string>
	<key>classes</key>
	<dict/>
	<key>objectVersion</key>
	<string>46</string>
	<key>objects</key>
	<dict>
		<key>01fb5aba5cfb0b7b1a9ee68dd177d214</key>
		<dict>
			<key>fileEncoding</key>
			<string>4</string>
			<key>isa</key>
			<string>PBXFileReference</string>
			<key>lastKnownFileType</key>
			<string>sourcecode.swift</string>
			<key>path</key>
			<string>Expectation+HaveCountOf.swift</string>
			<key>sourceTree</key>
			<string>&lt;group&gt;</string>
		</dict>
		<key>03d740d06093820601a9e571e9786df8</key>
		<dict>
			<key>attributes</key>
			<dict>
				<key>LastSwiftUpdateCheck</key>
				<string>0720</string>
				<key>LastUpgradeCheck</key>
				<string>0710</string>
				<key>ORGANIZATIONNAME</key>
				<string>Oliver</string>
				<key>TargetAttributes</key>
				<dict>
					<key>3c1df4d2e274cd15ab6419c07bbcf063</key>
					<dict>
						<key>CreatedOnToolsVersion</key>
						<string>7.2.1</string>
					</dict>
					<key>6eed5d8e065047e41b774284f3d43e33</key>
					<dict>
						<key>CreatedOnToolsVersion</key>
						<string>7.2.1</string>
					</dict>
				</dict>
			</dict>
			<key>buildConfigurationList</key>
			<string>5dc1b08cccbb68946ea06062920e152a</string>
			<key>compatibilityVersion</key>
			<string>Xcode 3.2</string>
			<key>developmentRegion</key>
			<string>English</string>
			<key>hasScannedForEncodings</key>
			<string>0</string>
			<key>isa</key>
			<string>PBXProject</string>
			<key>knownRegions</key>
			<array>
				<string>en</string>
				<string>Base</string>
			</array>
			<key>mainGroup</key>
			<string>b882b41f991a8f976cc8b3e2186b3218</string>
			<key>productRefGroup</key>
			<string>188c8c3eaf40043fc3375a8769e8c3ee</string>
			<key>projectDirPath</key>
			<string></string>
			<key>projectRoot</key>
			<string></string>
			<key>targets</key>
			<array>
				<string>3c1df4d2e274cd15ab6419c07bbcf063</string>
				<string>6eed5d8e065047e41b774284f3d43e33</string>
			</array>
		</dict>
		<key>060a129a12f6bf8d584ebf891172f072</key>
		<dict>
			<key>children</key>
			<array>
				<string>305cd6cc249011d04f0b5775176f0555</string>
				<string>56450f64274b6bb7d4c9829be09bec2b</string>
				<string>837664806e2396bd4858d55da0aa5dab</string>
			</array>
			<key>isa</key>
			<string>PBXGroup</string>
			<key>path</key>
			<string>Expectation</string>
			<key>sourceTree</key>
			<string>&lt;group&gt;</string>
		</dict>
		<key>07273637c8241e70faea75ba580a8433</key>
		<dict>
			<key>fileRef</key>
			<string>cefcfba9dee2a4a444ca759c61af22a8</string>
			<key>isa</key>
			<string>PBXBuildFile</string>
		</dict>
		<key>097f14db0caecf508aaa22f9b6f55304</key>
		<dict>
			<key>buildActionMask</key>
			<string>2147483647</string>
			<key>files</key>
			<array>
				<string>ee40ad60566305d2e0d35aea8f3a6dd2</string>
			</array>
			<key>isa</key>
			<string>PBXFrameworksBuildPhase</string>
			<key>runOnlyForDeploymentPostprocessing</key>
			<string>0</string>
		</dict>
		<key>0ebd0d6076de32c7d1ab7993f5d798e3</key>
		<dict>
			<key>fileEncoding</key>
			<string>4</string>
			<key>isa</key>
			<string>PBXFileReference</string>
			<key>lastKnownFileType</key>
			<string>sourcecode.swift</string>
			<key>path</key>
			<string>Expectation+BeLessThan.swift</string>
			<key>sourceTree</key>
			<string>&lt;group&gt;</string>
		</dict>
		<key>103bac1c42f3a52a3ffbd1bd2b5ca942</key>
		<dict>
			<key>fileRef</key>
			<string>9a124a22783e58893cc15d10d20e2a6b</string>
			<key>isa</key>
			<string>PBXBuildFile</string>
		</dict>
		<key>110bdc95328bd0cd87a33cdcf75fdca7</key>
		<dict>
			<key>fileEncoding</key>
			<string>4</string>
			<key>isa</key>
			<string>PBXFileReference</string>
			<key>lastKnownFileType</key>
			<string>sourcecode.swift</string>
			<key>path</key>
			<string>Expectation+ConformTo_Spec.swift</string>
			<key>sourceTree</key>
			<string>&lt;group&gt;</string>
		</dict>
		<key>124d0c5b5b76ca0bd84e8d84b5b5c188</key>
		<dict>
			<key>fileEncoding</key>
			<string>4</string>
			<key>isa</key>
			<string>PBXFileReference</string>
			<key>lastKnownFileType</key>
			<string>sourcecode.swift</string>
			<key>path</key>
			<string>Expectation+Contain.swift</string>
			<key>sourceTree</key>
			<string>&lt;group&gt;</string>
		</dict>
		<key>14be927eac9a271517ab819bd54aa52c</key>
		<dict>
			<key>fileEncoding</key>
			<string>4</string>
			<key>isa</key>
			<string>PBXFileReference</string>
			<key>lastKnownFileType</key>
			<string>sourcecode.swift</string>
			<key>path</key>
			<string>Expectation+RespondTo_Spec.swift</string>
			<key>sourceTree</key>
			<string>&lt;group&gt;</string>
		</dict>
		<key>188c8c3eaf40043fc3375a8769e8c3ee</key>
		<dict>
			<key>children</key>
			<array>
				<string>c1c685f0d4a5f36b004544fb1ed2cac3</string>
				<string>b09f23a5cb8eed49362dc04e4f0b22d9</string>
			</array>
			<key>isa</key>
			<string>PBXGroup</string>
			<key>name</key>
			<string>Products</string>
			<key>sourceTree</key>
			<string>&lt;group&gt;</string>
		</dict>
		<key>18a77d26ef994acb8e1a16971d26200f</key>
		<dict>
			<key>fileEncoding</key>
			<string>4</string>
			<key>isa</key>
			<string>PBXFileReference</string>
			<key>lastKnownFileType</key>
			<string>sourcecode.swift</string>
			<key>path</key>
			<string>Expectation+Equal.swift</string>
			<key>sourceTree</key>
			<string>&lt;group&gt;</string>
		</dict>
		<key>1916535084ae332988f5cce2ab329def</key>
		<dict>
			<key>fileRef</key>
			<string>18a77d26ef994acb8e1a16971d26200f</string>
			<key>isa</key>
			<string>PBXBuildFile</string>
		</dict>
		<key>1aed8287fdd5d733b700aefaa5ecacba</key>
		<dict>
			<key>buildSettings</key>
			<dict>
				<key>INFOPLIST_FILE</key>
				<string>Tests/Info.plist</string>
				<key>IPHONEOS_DEPLOYMENT_TARGET</key>
				<string>9.2</string>
				<key>LD_RUNPATH_SEARCH_PATHS</key>
				<string>$(inherited) @executable_path/Frameworks @loader_path/Frameworks</string>
				<key>ONLY_ACTIVE_ARCH</key>
				<string>NO</string>
				<key>PRODUCT_BUNDLE_IDENTIFIER</key>
				<string>me.oliveratkinson.Expectation.Tests</string>
				<key>PRODUCT_NAME</key>
				<string>$(TARGET_NAME)</string>
				<key>SDKROOT</key>
				<string>iphoneos</string>
			</dict>
			<key>isa</key>
			<string>XCBuildConfiguration</string>
			<key>name</key>
			<string>Debug</string>
		</dict>
		<key>1ba85be7d258aa47b05c4583d8dfb599</key>
		<dict>
			<key>buildActionMask</key>
			<string>2147483647</string>
			<key>files</key>
			<array/>
			<key>isa</key>
			<string>PBXResourcesBuildPhase</string>
			<key>runOnlyForDeploymentPostprocessing</key>
			<string>0</string>
		</dict>
		<key>204303237eb4a7501d7c1b2e2ea2c319</key>
		<dict>
			<key>children</key>
			<array>
				<string>4303a9e8823d0060fc70c9f3caaee79a</string>
				<string>4dd49d2f705191ccc85a46ac5936affc</string>
				<string>ca0ffbb8a032c51d4dc6d23e3ca91ab9</string>
				<string>bfc6f9ce128873514405feb56b3e44a8</string>
				<string>e655280587e102be7e767afed5c99c97</string>
				<string>7a04a8c56bb3e4797b53bb8dd9c01faa</string>
				<string>519a8b5232638906128d8009b7766eb9</string>
				<string>6746cebb7b32f34937662cfa66319aa6</string>
				<string>fed07e4b172e08eee35602a3c2f06c93</string>
				<string>9a124a22783e58893cc15d10d20e2a6b</string>
				<string>212e116733f95d8d7cadbdf95bbda26a</string>
				<string>42905a4067f1a14b13f61d22e662e022</string>
				<string>110bdc95328bd0cd87a33cdcf75fdca7</string>
				<string>98f095dc629a028bf4076ae2447d317d</string>
				<string>cce8f381ef3294c493cf3bf27e1624fa</string>
				<string>b677404f3c35a684671614001ca41701</string>
				<string>991d46259d24d33df8e5b01ad2d4dd9e</string>
				<string>c98482ef87d319bb2ea5cf92c52eda06</string>
				<string>14be927eac9a271517ab819bd54aa52c</string>
			</array>
			<key>isa</key>
			<string>PBXGroup</string>
			<key>path</key>
			<string>Matchers</string>
			<key>sourceTree</key>
			<string>&lt;group&gt;</string>
		</dict>
		<key>212e116733f95d8d7cadbdf95bbda26a</key>
		<dict>
			<key>fileEncoding</key>
			<string>4</string>
			<key>isa</key>
			<string>PBXFileReference</string>
			<key>lastKnownFileType</key>
			<string>sourcecode.swift</string>
			<key>path</key>
			<string>Expectation+BeNil_Spec.swift</string>
			<key>sourceTree</key>
			<string>&lt;group&gt;</string>
		</dict>
		<key>214544330fb3da68b291453215e73f81</key>
		<dict>
			<key>fileEncoding</key>
			<string>4</string>
			<key>isa</key>
			<string>PBXFileReference</string>
			<key>lastKnownFileType</key>
			<string>sourcecode.swift</string>
			<key>path</key>
			<string>XCTestCaseAssertionSubstitutes.swift</string>
			<key>sourceTree</key>
			<string>&lt;group&gt;</string>
		</dict>
		<key>24274988f2024c3ac654677553c10ee3</key>
		<dict>
			<key>fileRef</key>
			<string>3a18ee94823893a673de7857438dce25</string>
			<key>isa</key>
			<string>PBXBuildFile</string>
		</dict>
		<key>2909018e5f4eeb63cf2183b8d8dca4ab</key>
		<dict>
			<key>fileRef</key>
			<string>e2074224369b93f4b09a5ccde4655dd3</string>
			<key>isa</key>
			<string>PBXBuildFile</string>
		</dict>
		<key>2909f5dd9d90099611febe4f51cf45a8</key>
		<dict>
			<key>buildSettings</key>
			<dict>
				<key>ALWAYS_SEARCH_USER_PATHS</key>
				<string>NO</string>
				<key>CLANG_CXX_LANGUAGE_STANDARD</key>
				<string>gnu++0x</string>
				<key>CLANG_CXX_LIBRARY</key>
				<string>libc++</string>
				<key>CLANG_ENABLE_MODULES</key>
				<string>YES</string>
				<key>CLANG_ENABLE_OBJC_ARC</key>
				<string>YES</string>
				<key>CLANG_WARN_BOOL_CONVERSION</key>
				<string>YES</string>
				<key>CLANG_WARN_CONSTANT_CONVERSION</key>
				<string>YES</string>
				<key>CLANG_WARN_DIRECT_OBJC_ISA_USAGE</key>
				<string>YES_ERROR</string>
				<key>CLANG_WARN_EMPTY_BODY</key>
				<string>YES</string>
				<key>CLANG_WARN_ENUM_CONVERSION</key>
				<string>YES</string>
				<key>CLANG_WARN_INT_CONVERSION</key>
				<string>YES</string>
				<key>CLANG_WARN_OBJC_ROOT_CLASS</key>
				<string>YES_ERROR</string>
				<key>CLANG_WARN_UNREACHABLE_CODE</key>
				<string>YES</string>
				<key>CLANG_WARN__DUPLICATE_METHOD_MATCH</key>
				<string>YES</string>
				<key>CODE_SIGN_IDENTITY[sdk=iphoneos*]</key>
				<string>iPhone Developer</string>
				<key>COPY_PHASE_STRIP</key>
				<string>NO</string>
				<key>DEBUG_INFORMATION_FORMAT</key>
				<string>dwarf-with-dsym</string>
				<key>ENABLE_NS_ASSERTIONS</key>
				<string>NO</string>
				<key>ENABLE_STRICT_OBJC_MSGSEND</key>
				<string>YES</string>
				<key>GCC_C_LANGUAGE_STANDARD</key>
				<string>gnu99</string>
				<key>GCC_NO_COMMON_BLOCKS</key>
				<string>YES</string>
				<key>GCC_WARN_64_TO_32_BIT_CONVERSION</key>
				<string>YES</string>
				<key>GCC_WARN_ABOUT_RETURN_TYPE</key>
				<string>YES_ERROR</string>
				<key>GCC_WARN_UNDECLARED_SELECTOR</key>
				<string>YES</string>
				<key>GCC_WARN_UNINITIALIZED_AUTOS</key>
				<string>YES_AGGRESSIVE</string>
				<key>GCC_WARN_UNUSED_FUNCTION</key>
				<string>YES</string>
				<key>GCC_WARN_UNUSED_VARIABLE</key>
				<string>YES</string>
				<key>IPHONEOS_DEPLOYMENT_TARGET</key>
				<string>9.1</string>
				<key>MTL_ENABLE_DEBUG_INFO</key>
				<string>NO</string>
				<key>SDKROOT</key>
				<string>iphoneos</string>
				<key>VALIDATE_PRODUCT</key>
				<string>YES</string>
			</dict>
			<key>isa</key>
			<string>XCBuildConfiguration</string>
			<key>name</key>
			<string>Release</string>
		</dict>
		<key>29787db6031e3c5e564d448f7195bec3</key>
		<dict>
			<key>buildConfigurations</key>
			<array>
				<string>75c9c4c10206f83d46d712c308a8fff6</string>
				<string>d4c46fe832105ad376b87d363395270e</string>
			</array>
			<key>defaultConfigurationIsVisible</key>
			<string>0</string>
			<key>defaultConfigurationName</key>
			<string>Release</string>
			<key>isa</key>
			<string>XCConfigurationList</string>
		</dict>
		<key>2a50b5b4962365eb94273bd8046552bd</key>
		<dict>
			<key>fileRef</key>
			<string>214544330fb3da68b291453215e73f81</string>
			<key>isa</key>
			<string>PBXBuildFile</string>
		</dict>
		<key>2c0963db392f2676de6a0673c1fbcd1f</key>
		<dict>
			<key>fileRef</key>
			<string>77dee871ba91a2a1f822f2ee69c810c8</string>
			<key>isa</key>
			<string>PBXBuildFile</string>
		</dict>
		<key>2ea81ba67b1d01d73ce91f0bc9ec8120</key>
		<dict>
			<key>fileRef</key>
			<string>bffdc35bf9f73c3427e3847e2cf5bcb2</string>
			<key>isa</key>
			<string>PBXBuildFile</string>
		</dict>
		<key>2f72a816ebcfc97e92000ac2f7f8b669</key>
		<dict>
			<key>children</key>
			<array>
				<string>204303237eb4a7501d7c1b2e2ea2c319</string>
				<string>214544330fb3da68b291453215e73f81</string>
			</array>
			<key>isa</key>
			<string>PBXGroup</string>
			<key>path</key>
			<string>Source</string>
			<key>sourceTree</key>
			<string>&lt;group&gt;</string>
		</dict>
		<key>305cd6cc249011d04f0b5775176f0555</key>
		<dict>
			<key>children</key>
			<array>
				<string>cf2de397416d2b389590c8f0128eef77</string>
				<string>c829173d074dc4a058be75d5e23e88dd</string>
			</array>
			<key>isa</key>
			<string>PBXGroup</string>
			<key>path</key>
			<string>Source</string>
			<key>sourceTree</key>
			<string>&lt;group&gt;</string>
		</dict>
		<key>37028da38ce5c209eea25fb9f5f27249</key>
		<dict>
			<key>fileRef</key>
			<string>69218df22665a46088917fe47042b8ec</string>
			<key>isa</key>
			<string>PBXBuildFile</string>
		</dict>
		<key>3a18ee94823893a673de7857438dce25</key>
		<dict>
			<key>fileEncoding</key>
			<string>4</string>
			<key>isa</key>
			<string>PBXFileReference</string>
			<key>lastKnownFileType</key>
			<string>sourcecode.swift</string>
			<key>path</key>
			<string>Expectation+BeDynamicType.swift</string>
			<key>sourceTree</key>
			<string>&lt;group&gt;</string>
		</dict>
		<key>3a7c6cdc1783bdfca8574880b31c21c7</key>
		<dict>
			<key>fileEncoding</key>
			<string>4</string>
			<key>isa</key>
			<string>PBXFileReference</string>
			<key>lastKnownFileType</key>
			<string>sourcecode.swift</string>
			<key>path</key>
			<string>Expectation+BeTrue.swift</string>
			<key>sourceTree</key>
			<string>&lt;group&gt;</string>
		</dict>
		<key>3b45473376ebd0ea8c8cd4d5de4cf880</key>
		<dict>
			<key>fileRef</key>
			<string>3a7c6cdc1783bdfca8574880b31c21c7</string>
			<key>isa</key>
			<string>PBXBuildFile</string>
		</dict>
		<key>3c1df4d2e274cd15ab6419c07bbcf063</key>
		<dict>
			<key>buildConfigurationList</key>
			<string>29787db6031e3c5e564d448f7195bec3</string>
			<key>buildPhases</key>
			<array>
				<string>adfaaa9a30dffb21b917506c63f52f35</string>
				<string>5c07d4f5041fb3176f435d78514141d6</string>
				<string>a497c6475e3f9eb7e2ac362d70dad2b5</string>
				<string>ca2ed4b045e6e7dfa27204ddfc536ddf</string>
				<string>1ba85be7d258aa47b05c4583d8dfb599</string>
			</array>
			<key>buildRules</key>
			<array/>
			<key>dependencies</key>
			<array/>
			<key>isa</key>
			<string>PBXNativeTarget</string>
			<key>name</key>
			<string>Expectation</string>
			<key>productName</key>
			<string>Expectation</string>
			<key>productReference</key>
			<string>c1c685f0d4a5f36b004544fb1ed2cac3</string>
			<key>productType</key>
			<string>com.apple.product-type.framework</string>
		</dict>
		<key>3f070ba3b2c1339b8853e835fa99cdd8</key>
		<dict>
			<key>fileRef</key>
			<string>fed07e4b172e08eee35602a3c2f06c93</string>
			<key>isa</key>
			<string>PBXBuildFile</string>
		</dict>
		<key>4225b0dbac2deb64946ab8aeb08604f3</key>
		<dict>
			<key>fileRef</key>
			<string>42905a4067f1a14b13f61d22e662e022</string>
			<key>isa</key>
			<string>PBXBuildFile</string>
		</dict>
		<key>42905a4067f1a14b13f61d22e662e022</key>
		<dict>
			<key>fileEncoding</key>
			<string>4</string>
			<key>isa</key>
			<string>PBXFileReference</string>
			<key>lastKnownFileType</key>
			<string>sourcecode.swift</string>
			<key>path</key>
			<string>Expectation+BeTrue_Spec.swift</string>
			<key>sourceTree</key>
			<string>&lt;group&gt;</string>
		</dict>
		<key>4303a9e8823d0060fc70c9f3caaee79a</key>
		<dict>
			<key>fileEncoding</key>
			<string>4</string>
			<key>isa</key>
			<string>PBXFileReference</string>
			<key>lastKnownFileType</key>
			<string>sourcecode.swift</string>
			<key>path</key>
			<string>Expectation+BeCloseTo_Spec.swift</string>
			<key>sourceTree</key>
			<string>&lt;group&gt;</string>
		</dict>
		<key>43ec1f20a4824d161c117ba915b0074f</key>
		<dict>
			<key>fileEncoding</key>
			<string>4</string>
			<key>isa</key>
			<string>PBXFileReference</string>
			<key>lastKnownFileType</key>
			<string>sourcecode.swift</string>
			<key>path</key>
			<string>Expectation+HavePrefix.swift</string>
			<key>sourceTree</key>
			<string>&lt;group&gt;</string>
		</dict>
		<key>4b8692e7e08e3a51aaebbcb54cb3598f</key>
		<dict>
			<key>fileEncoding</key>
			<string>4</string>
			<key>isa</key>
			<string>PBXFileReference</string>
			<key>lastKnownFileType</key>
			<string>sourcecode.swift</string>
			<key>path</key>
			<string>Expectation+RespondTo.swift</string>
			<key>sourceTree</key>
			<string>&lt;group&gt;</string>
		</dict>
		<key>4dd49d2f705191ccc85a46ac5936affc</key>
		<dict>
			<key>fileEncoding</key>
			<string>4</string>
			<key>isa</key>
			<string>PBXFileReference</string>
			<key>lastKnownFileType</key>
			<string>sourcecode.swift</string>
			<key>path</key>
			<string>Expectation+BeDynamicType_Spec.swift</string>
			<key>sourceTree</key>
			<string>&lt;group&gt;</string>
		</dict>
		<key>4ed58aaf661173c4ee0d5026cd8275ca</key>
		<dict>
			<key>fileRef</key>
			<string>4303a9e8823d0060fc70c9f3caaee79a</string>
			<key>isa</key>
			<string>PBXBuildFile</string>
		</dict>
		<key>4f8352bcd9928e337fbb4d99f61957a6</key>
		<dict>
			<key>fileRef</key>
			<string>4dd49d2f705191ccc85a46ac5936affc</string>
			<key>isa</key>
			<string>PBXBuildFile</string>
		</dict>
		<key>50f56ccb93a1cb83a6e3812939925f37</key>
		<dict>
			<key>fileRef</key>
			<string>ef8572e3db58cb7bd54c3dc90ce63c0b</string>
			<key>isa</key>
			<string>PBXBuildFile</string>
		</dict>
		<key>519a8b5232638906128d8009b7766eb9</key>
		<dict>
			<key>fileEncoding</key>
			<string>4</string>
			<key>isa</key>
			<string>PBXFileReference</string>
			<key>lastKnownFileType</key>
			<string>sourcecode.swift</string>
			<key>path</key>
			<string>Expectation+BeIdenticalTo_Spec.swift</string>
			<key>sourceTree</key>
			<string>&lt;group&gt;</string>
		</dict>
		<key>52ea079f0b1364832331981bc969b850</key>
		<dict>
			<key>fileEncoding</key>
			<string>4</string>
			<key>isa</key>
			<string>PBXFileReference</string>
			<key>lastKnownFileType</key>
			<string>sourcecode.swift</string>
			<key>path</key>
			<string>Expectation+BeCloseTo.swift</string>
			<key>sourceTree</key>
			<string>&lt;group&gt;</string>
		</dict>
		<key>544cc6db835f418f35f6bcc1ebf543dd</key>
		<dict>
			<key>fileRef</key>
			<string>124d0c5b5b76ca0bd84e8d84b5b5c188</string>
			<key>isa</key>
			<string>PBXBuildFile</string>
		</dict>
		<key>56450f64274b6bb7d4c9829be09bec2b</key>
		<dict>
			<key>isa</key>
			<string>PBXFileReference</string>
			<key>lastKnownFileType</key>
			<string>sourcecode.c.h</string>
			<key>path</key>
			<string>Expectation.h</string>
			<key>sourceTree</key>
			<string>&lt;group&gt;</string>
		</dict>
		<key>5c07d4f5041fb3176f435d78514141d6</key>
		<dict>
			<key>buildActionMask</key>
			<string>2147483647</string>
			<key>files</key>
			<array>
				<string>fa7c414854b478add63427309f4278e9</string>
				<string>24274988f2024c3ac654677553c10ee3</string>
				<string>a783f956935e95231d96656049c32621</string>
				<string>37028da38ce5c209eea25fb9f5f27249</string>
				<string>2c0963db392f2676de6a0673c1fbcd1f</string>
				<string>2909018e5f4eeb63cf2183b8d8dca4ab</string>
				<string>2ea81ba67b1d01d73ce91f0bc9ec8120</string>
				<string>bddd1063606f7041d5e56a67ef8a7e3c</string>
				<string>5e3282837da493f3950d20d10ef72e78</string>
				<string>07273637c8241e70faea75ba580a8433</string>
				<string>50f56ccb93a1cb83a6e3812939925f37</string>
				<string>3b45473376ebd0ea8c8cd4d5de4cf880</string>
				<string>8e9ff444aec591a1f7fb7fd180ae6561</string>
				<string>544cc6db835f418f35f6bcc1ebf543dd</string>
				<string>1916535084ae332988f5cce2ab329def</string>
				<string>d3b8253cec820550b705fd989f8ac7de</string>
				<string>61e34925854924fd04b0ccea4e8a4898</string>
				<string>e34d5552524e7d98c7d306cbedef86f9</string>
				<string>d1ab500b704bb3635cf5369d10ab71a5</string>
				<string>a6874954b342e25e4e35ce8fcf27745c</string>
			</array>
			<key>isa</key>
			<string>PBXSourcesBuildPhase</string>
			<key>runOnlyForDeploymentPostprocessing</key>
			<string>0</string>
		</dict>
		<key>5dc1b08cccbb68946ea06062920e152a</key>
		<dict>
			<key>buildConfigurations</key>
			<array>
				<string>8aca13ef69028ff08cb4281eb196da49</string>
				<string>2909f5dd9d90099611febe4f51cf45a8</string>
			</array>
			<key>defaultConfigurationIsVisible</key>
			<string>0</string>
			<key>defaultConfigurationName</key>
			<string>Release</string>
			<key>isa</key>
			<string>XCConfigurationList</string>
		</dict>
		<key>5e3282837da493f3950d20d10ef72e78</key>
		<dict>
			<key>fileRef</key>
			<string>0ebd0d6076de32c7d1ab7993f5d798e3</string>
			<key>isa</key>
			<string>PBXBuildFile</string>
		</dict>
		<key>61e34925854924fd04b0ccea4e8a4898</key>
		<dict>
			<key>fileRef</key>
			<string>43ec1f20a4824d161c117ba915b0074f</string>
			<key>isa</key>
			<string>PBXBuildFile</string>
		</dict>
		<key>6746cebb7b32f34937662cfa66319aa6</key>
		<dict>
			<key>fileEncoding</key>
			<string>4</string>
			<key>isa</key>
			<string>PBXFileReference</string>
			<key>lastKnownFileType</key>
			<string>sourcecode.swift</string>
			<key>path</key>
			<string>Expectation+BeKindOfClass_Spec.swift</string>
			<key>sourceTree</key>
			<string>&lt;group&gt;</string>
		</dict>
		<key>69218df22665a46088917fe47042b8ec</key>
		<dict>
			<key>fileEncoding</key>
			<string>4</string>
			<key>isa</key>
			<string>PBXFileReference</string>
			<key>lastKnownFileType</key>
			<string>sourcecode.swift</string>
			<key>path</key>
			<string>Expectation+BeFalse.swift</string>
			<key>sourceTree</key>
			<string>&lt;group&gt;</string>
		</dict>
		<key>6d893be37914e17da621444a5fc88663</key>
		<dict>
			<key>fileRef</key>
			<string>110bdc95328bd0cd87a33cdcf75fdca7</string>
			<key>isa</key>
			<string>PBXBuildFile</string>
		</dict>
		<key>6eed5d8e065047e41b774284f3d43e33</key>
		<dict>
			<key>buildConfigurationList</key>
			<string>701ffd7d27bbc1bc1f9f663a46ddbda3</string>
			<key>buildPhases</key>
			<array>
				<string>f8ff82ce4393f0c74ad73350eac4dbde</string>
				<string>097f14db0caecf508aaa22f9b6f55304</string>
				<string>f228295a08806b9c057d35145905d3e6</string>
			</array>
			<key>buildRules</key>
			<array/>
			<key>dependencies</key>
			<array>
				<string>c39a59db7e97ced6dbd1d2d1f93c5a56</string>
			</array>
			<key>isa</key>
			<string>PBXNativeTarget</string>
			<key>name</key>
			<string>Tests</string>
			<key>productName</key>
			<string>Tests</string>
			<key>productReference</key>
			<string>b09f23a5cb8eed49362dc04e4f0b22d9</string>
			<key>productType</key>
			<string>com.apple.product-type.bundle.unit-test</string>
		</dict>
		<key>701ffd7d27bbc1bc1f9f663a46ddbda3</key>
		<dict>
			<key>buildConfigurations</key>
			<array>
				<string>1aed8287fdd5d733b700aefaa5ecacba</string>
				<string>eb0b60f0aa7103a0cfae8d47337e095c</string>
			</array>
			<key>defaultConfigurationIsVisible</key>
			<string>0</string>
			<key>defaultConfigurationName</key>
			<string>Release</string>
			<key>isa</key>
			<string>XCConfigurationList</string>
		</dict>
		<key>75c9c4c10206f83d46d712c308a8fff6</key>
		<dict>
			<key>buildSettings</key>
			<dict>
				<key>CLANG_ENABLE_MODULES</key>
				<string>YES</string>
				<key>CURRENT_PROJECT_VERSION</key>
				<string>1</string>
				<key>DEFINES_MODULE</key>
				<string>YES</string>
				<key>DYLIB_COMPATIBILITY_VERSION</key>
				<string>1</string>
				<key>DYLIB_CURRENT_VERSION</key>
				<string>1</string>
				<key>DYLIB_INSTALL_NAME_BASE</key>
				<string>@rpath</string>
				<key>ENABLE_BITCODE</key>
				<string>NO</string>
				<key>FRAMEWORK_SEARCH_PATHS</key>
				<array>
					<string>$(PLATFORM_DIR)/Developer/Library/Frameworks</string>
					<string>$(DEVELOPER_FRAMEWORKS_DIR)</string>
				</array>
				<key>GCC_TREAT_WARNINGS_AS_ERRORS</key>
				<string>YES</string>
				<key>INFOPLIST_FILE</key>
				<string>Expectation/Info.plist</string>
				<key>INSTALL_PATH</key>
				<string>$(LOCAL_LIBRARY_DIR)/Frameworks</string>
				<key>IPHONEOS_DEPLOYMENT_TARGET</key>
				<string>8.0</string>
				<key>LD_RUNPATH_SEARCH_PATHS</key>
				<string>$(inherited) @executable_path/Frameworks @loader_path/Frameworks</string>
				<key>ONLY_ACTIVE_ARCH</key>
				<string>NO</string>
				<key>OTHER_LDFLAGS</key>
				<array>
					<string>-weak_framework</string>
					<string>XCTest</string>
				</array>
				<key>PRODUCT_BUNDLE_IDENTIFIER</key>
				<string>me.oliveratkinson.Expectation</string>
				<key>PRODUCT_NAME</key>
				<string>$(TARGET_NAME)</string>
				<key>SKIP_INSTALL</key>
				<string>YES</string>
				<key>SWIFT_OPTIMIZATION_LEVEL</key>
				<string>-Onone</string>
				<key>TARGETED_DEVICE_FAMILY</key>
				<string>1,2</string>
				<key>VERSIONING_SYSTEM</key>
				<string>apple-generic</string>
				<key>VERSION_INFO_PREFIX</key>
				<string></string>
			</dict>
			<key>isa</key>
			<string>XCBuildConfiguration</string>
			<key>name</key>
			<string>Debug</string>
		</dict>
		<key>77dee871ba91a2a1f822f2ee69c810c8</key>
		<dict>
			<key>fileEncoding</key>
			<string>4</string>
			<key>isa</key>
			<string>PBXFileReference</string>
			<key>lastKnownFileType</key>
			<string>sourcecode.swift</string>
			<key>path</key>
			<string>Expectation+BeGreaterThan.swift</string>
			<key>sourceTree</key>
			<string>&lt;group&gt;</string>
		</dict>
		<key>7a04a8c56bb3e4797b53bb8dd9c01faa</key>
		<dict>
			<key>fileEncoding</key>
			<string>4</string>
			<key>isa</key>
			<string>PBXFileReference</string>
			<key>lastKnownFileType</key>
			<string>sourcecode.swift</string>
			<key>path</key>
			<string>Expectation+BeGreaterThan_Spec.swift</string>
			<key>sourceTree</key>
			<string>&lt;group&gt;</string>
		</dict>
		<key>7dc40c77337c3914a22a5586a8bc5235</key>
		<dict>
			<key>fileRef</key>
			<string>14be927eac9a271517ab819bd54aa52c</string>
			<key>isa</key>
			<string>PBXBuildFile</string>
		</dict>
		<key>837664806e2396bd4858d55da0aa5dab</key>
		<dict>
			<key>fileEncoding</key>
			<string>4</string>
			<key>isa</key>
			<string>PBXFileReference</string>
			<key>lastKnownFileType</key>
			<string>text.plist.xml</string>
			<key>path</key>
			<string>Info.plist</string>
			<key>sourceTree</key>
			<string>&lt;group&gt;</string>
		</dict>
		<key>84e189dbd3d72bf039720f90dee9bac0</key>
		<dict>
			<key>isa</key>
			<string>PBXFileReference</string>
			<key>lastKnownFileType</key>
			<string>text.plist.xml</string>
			<key>path</key>
			<string>Info.plist</string>
			<key>sourceTree</key>
			<string>&lt;group&gt;</string>
		</dict>
		<key>870954e9344ac9c9f487a743b4faa2bf</key>
		<dict>
			<key>fileEncoding</key>
			<string>4</string>
			<key>isa</key>
			<string>PBXFileReference</string>
			<key>lastKnownFileType</key>
			<string>sourcecode.swift</string>
			<key>path</key>
			<string>Expectation+ConformTo.swift</string>
			<key>sourceTree</key>
			<string>&lt;group&gt;</string>
		</dict>
		<key>8977c2b15df16ad215ab28b976f56ed6</key>
		<dict>
			<key>fileRef</key>
			<string>56450f64274b6bb7d4c9829be09bec2b</string>
			<key>isa</key>
			<string>PBXBuildFile</string>
			<key>settings</key>
			<dict>
				<key>ATTRIBUTES</key>
				<array>
					<string>Public</string>
				</array>
			</dict>
		</dict>
		<key>8aca13ef69028ff08cb4281eb196da49</key>
		<dict>
			<key>buildSettings</key>
			<dict>
				<key>ALWAYS_SEARCH_USER_PATHS</key>
				<string>NO</string>
				<key>CLANG_CXX_LANGUAGE_STANDARD</key>
				<string>gnu++0x</string>
				<key>CLANG_CXX_LIBRARY</key>
				<string>libc++</string>
				<key>CLANG_ENABLE_MODULES</key>
				<string>YES</string>
				<key>CLANG_ENABLE_OBJC_ARC</key>
				<string>YES</string>
				<key>CLANG_WARN_BOOL_CONVERSION</key>
				<string>YES</string>
				<key>CLANG_WARN_CONSTANT_CONVERSION</key>
				<string>YES</string>
				<key>CLANG_WARN_DIRECT_OBJC_ISA_USAGE</key>
				<string>YES_ERROR</string>
				<key>CLANG_WARN_EMPTY_BODY</key>
				<string>YES</string>
				<key>CLANG_WARN_ENUM_CONVERSION</key>
				<string>YES</string>
				<key>CLANG_WARN_INT_CONVERSION</key>
				<string>YES</string>
				<key>CLANG_WARN_OBJC_ROOT_CLASS</key>
				<string>YES_ERROR</string>
				<key>CLANG_WARN_UNREACHABLE_CODE</key>
				<string>YES</string>
				<key>CLANG_WARN__DUPLICATE_METHOD_MATCH</key>
				<string>YES</string>
				<key>CODE_SIGN_IDENTITY[sdk=iphoneos*]</key>
				<string>iPhone Developer</string>
				<key>COPY_PHASE_STRIP</key>
				<string>NO</string>
				<key>DEBUG_INFORMATION_FORMAT</key>
				<string>dwarf</string>
				<key>ENABLE_STRICT_OBJC_MSGSEND</key>
				<string>YES</string>
				<key>ENABLE_TESTABILITY</key>
				<string>YES</string>
				<key>GCC_C_LANGUAGE_STANDARD</key>
				<string>gnu99</string>
				<key>GCC_DYNAMIC_NO_PIC</key>
				<string>NO</string>
				<key>GCC_NO_COMMON_BLOCKS</key>
				<string>YES</string>
				<key>GCC_OPTIMIZATION_LEVEL</key>
				<string>0</string>
				<key>GCC_PREPROCESSOR_DEFINITIONS</key>
				<array>
					<string>DEBUG=1</string>
					<string>$(inherited)</string>
				</array>
				<key>GCC_WARN_64_TO_32_BIT_CONVERSION</key>
				<string>YES</string>
				<key>GCC_WARN_ABOUT_RETURN_TYPE</key>
				<string>YES_ERROR</string>
				<key>GCC_WARN_UNDECLARED_SELECTOR</key>
				<string>YES</string>
				<key>GCC_WARN_UNINITIALIZED_AUTOS</key>
				<string>YES_AGGRESSIVE</string>
				<key>GCC_WARN_UNUSED_FUNCTION</key>
				<string>YES</string>
				<key>GCC_WARN_UNUSED_VARIABLE</key>
				<string>YES</string>
				<key>IPHONEOS_DEPLOYMENT_TARGET</key>
				<string>9.1</string>
				<key>MTL_ENABLE_DEBUG_INFO</key>
				<string>YES</string>
				<key>ONLY_ACTIVE_ARCH</key>
				<string>YES</string>
				<key>SDKROOT</key>
				<string>iphoneos</string>
				<key>SWIFT_OPTIMIZATION_LEVEL</key>
				<string>-Onone</string>
			</dict>
			<key>isa</key>
			<string>XCBuildConfiguration</string>
			<key>name</key>
			<string>Debug</string>
		</dict>
		<key>8c7778a04a61a7a4256c8c3723aab02c</key>
		<dict>
			<key>fileRef</key>
			<string>6746cebb7b32f34937662cfa66319aa6</string>
			<key>isa</key>
			<string>PBXBuildFile</string>
		</dict>
		<key>8e9ff444aec591a1f7fb7fd180ae6561</key>
		<dict>
			<key>fileRef</key>
			<string>870954e9344ac9c9f487a743b4faa2bf</string>
			<key>isa</key>
			<string>PBXBuildFile</string>
		</dict>
		<key>94059eaa74ff1d9f9f5a9b5d54092324</key>
		<dict>
			<key>fileRef</key>
			<string>519a8b5232638906128d8009b7766eb9</string>
			<key>isa</key>
			<string>PBXBuildFile</string>
		</dict>
		<key>94f59331bfeb80acb181fa01720609c8</key>
		<dict>
			<key>fileRef</key>
			<string>e655280587e102be7e767afed5c99c97</string>
			<key>isa</key>
			<string>PBXBuildFile</string>
		</dict>
		<key>98f095dc629a028bf4076ae2447d317d</key>
		<dict>
			<key>fileEncoding</key>
			<string>4</string>
			<key>isa</key>
			<string>PBXFileReference</string>
			<key>lastKnownFileType</key>
			<string>sourcecode.swift</string>
			<key>path</key>
			<string>Expectation+Contain_Spec.swift</string>
			<key>sourceTree</key>
			<string>&lt;group&gt;</string>
		</dict>
		<key>991d46259d24d33df8e5b01ad2d4dd9e</key>
		<dict>
			<key>fileEncoding</key>
			<string>4</string>
			<key>isa</key>
			<string>PBXFileReference</string>
			<key>lastKnownFileType</key>
			<string>sourcecode.swift</string>
			<key>path</key>
			<string>Expectation+HavePrefix_Spec.swift</string>
			<key>sourceTree</key>
			<string>&lt;group&gt;</string>
		</dict>
		<key>9a124a22783e58893cc15d10d20e2a6b</key>
		<dict>
			<key>fileEncoding</key>
			<string>4</string>
			<key>isa</key>
			<string>PBXFileReference</string>
			<key>lastKnownFileType</key>
			<string>sourcecode.swift</string>
			<key>path</key>
			<string>Expectation+BeLessThan_Spec.swift</string>
			<key>sourceTree</key>
			<string>&lt;group&gt;</string>
		</dict>
		<key>a497c6475e3f9eb7e2ac362d70dad2b5</key>
		<dict>
			<key>buildActionMask</key>
			<string>2147483647</string>
			<key>files</key>
			<array/>
			<key>isa</key>
			<string>PBXFrameworksBuildPhase</string>
			<key>runOnlyForDeploymentPostprocessing</key>
			<string>0</string>
		</dict>
		<key>a55842c611b631422d8a3d6b177921b7</key>
		<dict>
			<key>fileRef</key>
			<string>212e116733f95d8d7cadbdf95bbda26a</string>
			<key>isa</key>
			<string>PBXBuildFile</string>
		</dict>
		<key>a6874954b342e25e4e35ce8fcf27745c</key>
		<dict>
			<key>fileRef</key>
			<string>c829173d074dc4a058be75d5e23e88dd</string>
			<key>isa</key>
			<string>PBXBuildFile</string>
		</dict>
		<key>a706043ba96b0f20a8d05a4e0bce2f15</key>
		<dict>
			<key>fileRef</key>
			<string>cce8f381ef3294c493cf3bf27e1624fa</string>
			<key>isa</key>
			<string>PBXBuildFile</string>
		</dict>
		<key>a783f956935e95231d96656049c32621</key>
		<dict>
			<key>fileRef</key>
			<string>cceedcaebdcc1326f9c749b355a2d815</string>
			<key>isa</key>
			<string>PBXBuildFile</string>
		</dict>
		<key>adfaaa9a30dffb21b917506c63f52f35</key>
		<dict>
			<key>buildActionMask</key>
			<string>2147483647</string>
			<key>files</key>
			<array/>
			<key>inputPaths</key>
			<array/>
			<key>isa</key>
			<string>PBXShellScriptBuildPhase</string>
			<key>outputPaths</key>
			<array/>
			<key>runOnlyForDeploymentPostprocessing</key>
			<string>0</string>
			<key>shellPath</key>
			<string>/bin/sh</string>
			<key>shellScript</key>
			<string>if which swiftlint &gt;/dev/null; then
    swiftlint
else
    echo "warning: SwiftLint not installed, download from https://github.com/realm/SwiftLint"
fi</string>
		</dict>
		<key>b09f23a5cb8eed49362dc04e4f0b22d9</key>
		<dict>
			<key>explicitFileType</key>
			<string>wrapper.cfbundle</string>
			<key>includeInIndex</key>
			<string>0</string>
			<key>isa</key>
			<string>PBXFileReference</string>
			<key>path</key>
			<string>Tests.xctest</string>
			<key>sourceTree</key>
			<string>BUILT_PRODUCTS_DIR</string>
		</dict>
		<key>b1c313c2de0d6e8b942fac9d099ee05a</key>
		<dict>
			<key>fileEncoding</key>
			<string>4</string>
			<key>isa</key>
			<string>PBXFileReference</string>
			<key>lastKnownFileType</key>
			<string>sourcecode.swift</string>
			<key>path</key>
			<string>Expectation+BeKindOfClass.swift</string>
			<key>sourceTree</key>
			<string>&lt;group&gt;</string>
		</dict>
		<key>b677404f3c35a684671614001ca41701</key>
		<dict>
			<key>fileEncoding</key>
			<string>4</string>
			<key>isa</key>
			<string>PBXFileReference</string>
			<key>lastKnownFileType</key>
			<string>sourcecode.swift</string>
			<key>path</key>
			<string>Expectation+HaveCountOf_Spec.swift</string>
			<key>sourceTree</key>
			<string>&lt;group&gt;</string>
		</dict>
		<key>b806e543e0b5d182faadf2b4b601a533</key>
		<dict>
			<key>fileRef</key>
			<string>c98482ef87d319bb2ea5cf92c52eda06</string>
			<key>isa</key>
			<string>PBXBuildFile</string>
		</dict>
		<key>b8205e624fb953238b5af92901c04c39</key>
		<dict>
			<key>fileRef</key>
			<string>7a04a8c56bb3e4797b53bb8dd9c01faa</string>
			<key>isa</key>
			<string>PBXBuildFile</string>
		</dict>
		<key>b882b41f991a8f976cc8b3e2186b3218</key>
		<dict>
			<key>children</key>
			<array>
				<string>188c8c3eaf40043fc3375a8769e8c3ee</string>
				<string>060a129a12f6bf8d584ebf891172f072</string>
				<string>bfa2b754791a068ff604618624e451ee</string>
			</array>
			<key>isa</key>
			<string>PBXGroup</string>
			<key>sourceTree</key>
			<string>&lt;group&gt;</string>
		</dict>
		<key>bddd1063606f7041d5e56a67ef8a7e3c</key>
		<dict>
			<key>fileRef</key>
			<string>b1c313c2de0d6e8b942fac9d099ee05a</string>
			<key>isa</key>
			<string>PBXBuildFile</string>
		</dict>
		<key>bfa2b754791a068ff604618624e451ee</key>
		<dict>
			<key>children</key>
			<array>
				<string>2f72a816ebcfc97e92000ac2f7f8b669</string>
				<string>84e189dbd3d72bf039720f90dee9bac0</string>
			</array>
			<key>isa</key>
			<string>PBXGroup</string>
			<key>path</key>
			<string>Tests</string>
			<key>sourceTree</key>
			<string>&lt;group&gt;</string>
		</dict>
		<key>bfc6f9ce128873514405feb56b3e44a8</key>
		<dict>
			<key>fileEncoding</key>
			<string>4</string>
			<key>isa</key>
			<string>PBXFileReference</string>
			<key>lastKnownFileType</key>
			<string>sourcecode.swift</string>
			<key>path</key>
			<string>Expectation+BeFalse_Spec.swift</string>
			<key>sourceTree</key>
			<string>&lt;group&gt;</string>
		</dict>
		<key>bffdc35bf9f73c3427e3847e2cf5bcb2</key>
		<dict>
			<key>fileEncoding</key>
			<string>4</string>
			<key>isa</key>
			<string>PBXFileReference</string>
			<key>lastKnownFileType</key>
			<string>sourcecode.swift</string>
			<key>path</key>
			<string>Expectation+BeIdenticalTo.swift</string>
			<key>sourceTree</key>
			<string>&lt;group&gt;</string>
		</dict>
		<key>c1c685f0d4a5f36b004544fb1ed2cac3</key>
		<dict>
			<key>explicitFileType</key>
			<string>wrapper.framework</string>
			<key>includeInIndex</key>
			<string>0</string>
			<key>isa</key>
			<string>PBXFileReference</string>
			<key>path</key>
			<string>Expectation.framework</string>
			<key>sourceTree</key>
			<string>BUILT_PRODUCTS_DIR</string>
		</dict>
		<key>c39a59db7e97ced6dbd1d2d1f93c5a56</key>
		<dict>
			<key>isa</key>
			<string>PBXTargetDependency</string>
			<key>target</key>
			<string>3c1df4d2e274cd15ab6419c07bbcf063</string>
			<key>targetProxy</key>
			<string>d7e67ce8876c50cc10abf14de21f1621</string>
		</dict>
		<key>c829173d074dc4a058be75d5e23e88dd</key>
		<dict>
			<key>fileEncoding</key>
			<string>4</string>
			<key>isa</key>
			<string>PBXFileReference</string>
			<key>lastKnownFileType</key>
			<string>sourcecode.swift</string>
			<key>path</key>
			<string>Expectation.swift</string>
			<key>sourceTree</key>
			<string>&lt;group&gt;</string>
		</dict>
		<key>c98482ef87d319bb2ea5cf92c52eda06</key>
		<dict>
			<key>fileEncoding</key>
			<string>4</string>
			<key>isa</key>
			<string>PBXFileReference</string>
			<key>lastKnownFileType</key>
			<string>sourcecode.swift</string>
			<key>path</key>
			<string>Expectation+HaveSuffix_Spec.swift</string>
			<key>sourceTree</key>
			<string>&lt;group&gt;</string>
		</dict>
		<key>ca0ffbb8a032c51d4dc6d23e3ca91ab9</key>
		<dict>
			<key>fileEncoding</key>
			<string>4</string>
			<key>isa</key>
			<string>PBXFileReference</string>
			<key>lastKnownFileType</key>
			<string>sourcecode.swift</string>
			<key>path</key>
			<string>Expectation+BeEmpty_Spec.swift</string>
			<key>sourceTree</key>
			<string>&lt;group&gt;</string>
		</dict>
		<key>ca2ed4b045e6e7dfa27204ddfc536ddf</key>
		<dict>
			<key>buildActionMask</key>
			<string>2147483647</string>
			<key>files</key>
			<array>
				<string>8977c2b15df16ad215ab28b976f56ed6</string>
			</array>
			<key>isa</key>
			<string>PBXHeadersBuildPhase</string>
			<key>runOnlyForDeploymentPostprocessing</key>
			<string>0</string>
		</dict>
		<key>ccd84ffd98c7bce271e4a3292a87f1cd</key>
		<dict>
			<key>fileEncoding</key>
			<string>4</string>
			<key>isa</key>
			<string>PBXFileReference</string>
			<key>lastKnownFileType</key>
			<string>sourcecode.swift</string>
			<key>path</key>
			<string>Expectation+HaveSuffix.swift</string>
			<key>sourceTree</key>
			<string>&lt;group&gt;</string>
		</dict>
		<key>cce8f381ef3294c493cf3bf27e1624fa</key>
		<dict>
			<key>fileEncoding</key>
			<string>4</string>
			<key>isa</key>
			<string>PBXFileReference</string>
			<key>lastKnownFileType</key>
			<string>sourcecode.swift</string>
			<key>path</key>
			<string>Expectation+Equal_Spec.swift</string>
			<key>sourceTree</key>
			<string>&lt;group&gt;</string>
		</dict>
		<key>cceedcaebdcc1326f9c749b355a2d815</key>
		<dict>
			<key>fileEncoding</key>
			<string>4</string>
			<key>isa</key>
			<string>PBXFileReference</string>
			<key>lastKnownFileType</key>
			<string>sourcecode.swift</string>
			<key>path</key>
			<string>Expectation+BeEmpty.swift</string>
			<key>sourceTree</key>
			<string>&lt;group&gt;</string>
		</dict>
		<key>cefcfba9dee2a4a444ca759c61af22a8</key>
		<dict>
			<key>fileEncoding</key>
			<string>4</string>
			<key>isa</key>
			<string>PBXFileReference</string>
			<key>lastKnownFileType</key>
			<string>sourcecode.swift</string>
			<key>path</key>
			<string>Expectation+BeLessThanOrEqualTo.swift</string>
			<key>sourceTree</key>
			<string>&lt;group&gt;</string>
		</dict>
		<key>cf2de397416d2b389590c8f0128eef77</key>
		<dict>
			<key>children</key>
			<array>
				<string>52ea079f0b1364832331981bc969b850</string>
				<string>3a18ee94823893a673de7857438dce25</string>
				<string>cceedcaebdcc1326f9c749b355a2d815</string>
				<string>69218df22665a46088917fe47042b8ec</string>
				<string>77dee871ba91a2a1f822f2ee69c810c8</string>
				<string>e2074224369b93f4b09a5ccde4655dd3</string>
				<string>bffdc35bf9f73c3427e3847e2cf5bcb2</string>
				<string>b1c313c2de0d6e8b942fac9d099ee05a</string>
				<string>0ebd0d6076de32c7d1ab7993f5d798e3</string>
				<string>cefcfba9dee2a4a444ca759c61af22a8</string>
				<string>ef8572e3db58cb7bd54c3dc90ce63c0b</string>
				<string>3a7c6cdc1783bdfca8574880b31c21c7</string>
				<string>870954e9344ac9c9f487a743b4faa2bf</string>
				<string>124d0c5b5b76ca0bd84e8d84b5b5c188</string>
				<string>18a77d26ef994acb8e1a16971d26200f</string>
				<string>01fb5aba5cfb0b7b1a9ee68dd177d214</string>
				<string>43ec1f20a4824d161c117ba915b0074f</string>
				<string>ccd84ffd98c7bce271e4a3292a87f1cd</string>
				<string>4b8692e7e08e3a51aaebbcb54cb3598f</string>
			</array>
			<key>isa</key>
			<string>PBXGroup</string>
			<key>path</key>
			<string>Matchers</string>
			<key>sourceTree</key>
			<string>&lt;group&gt;</string>
		</dict>
		<key>d1ab500b704bb3635cf5369d10ab71a5</key>
		<dict>
			<key>fileRef</key>
			<string>4b8692e7e08e3a51aaebbcb54cb3598f</string>
			<key>isa</key>
			<string>PBXBuildFile</string>
		</dict>
		<key>d25e1ee5525b4b35032c7c4ffce01436</key>
		<dict>
			<key>fileRef</key>
			<string>991d46259d24d33df8e5b01ad2d4dd9e</string>
			<key>isa</key>
			<string>PBXBuildFile</string>
		</dict>
		<key>d3b8253cec820550b705fd989f8ac7de</key>
		<dict>
			<key>fileRef</key>
			<string>01fb5aba5cfb0b7b1a9ee68dd177d214</string>
			<key>isa</key>
			<string>PBXBuildFile</string>
		</dict>
		<key>d4c46fe832105ad376b87d363395270e</key>
		<dict>
			<key>buildSettings</key>
			<dict>
				<key>CLANG_ENABLE_MODULES</key>
				<string>YES</string>
				<key>CURRENT_PROJECT_VERSION</key>
				<string>1</string>
				<key>DEFINES_MODULE</key>
				<string>YES</string>
				<key>DYLIB_COMPATIBILITY_VERSION</key>
				<string>1</string>
				<key>DYLIB_CURRENT_VERSION</key>
				<string>1</string>
				<key>DYLIB_INSTALL_NAME_BASE</key>
				<string>@rpath</string>
				<key>ENABLE_BITCODE</key>
				<string>NO</string>
				<key>FRAMEWORK_SEARCH_PATHS</key>
				<array>
					<string>$(PLATFORM_DIR)/Developer/Library/Frameworks</string>
					<string>$(DEVELOPER_FRAMEWORKS_DIR)</string>
				</array>
				<key>GCC_TREAT_WARNINGS_AS_ERRORS</key>
				<string>YES</string>
				<key>INFOPLIST_FILE</key>
				<string>Expectation/Info.plist</string>
				<key>INSTALL_PATH</key>
				<string>$(LOCAL_LIBRARY_DIR)/Frameworks</string>
				<key>IPHONEOS_DEPLOYMENT_TARGET</key>
				<string>8.0</string>
				<key>LD_RUNPATH_SEARCH_PATHS</key>
				<string>$(inherited) @executable_path/Frameworks @loader_path/Frameworks</string>
				<key>ONLY_ACTIVE_ARCH</key>
				<string>NO</string>
				<key>OTHER_LDFLAGS</key>
				<array>
					<string>-weak_framework</string>
					<string>XCTest</string>
				</array>
				<key>PRODUCT_BUNDLE_IDENTIFIER</key>
				<string>me.oliveratkinson.Expectation</string>
				<key>PRODUCT_NAME</key>
				<string>$(TARGET_NAME)</string>
				<key>SKIP_INSTALL</key>
				<string>YES</string>
				<key>TARGETED_DEVICE_FAMILY</key>
				<string>1,2</string>
				<key>VERSIONING_SYSTEM</key>
				<string>apple-generic</string>
				<key>VERSION_INFO_PREFIX</key>
				<string></string>
			</dict>
			<key>isa</key>
			<string>XCBuildConfiguration</string>
			<key>name</key>
			<string>Release</string>
		</dict>
		<key>d7e67ce8876c50cc10abf14de21f1621</key>
		<dict>
			<key>containerPortal</key>
			<string>03d740d06093820601a9e571e9786df8</string>
			<key>isa</key>
			<string>PBXContainerItemProxy</string>
			<key>proxyType</key>
			<string>1</string>
			<key>remoteGlobalIDString</key>
			<string>3c1df4d2e274cd15ab6419c07bbcf063</string>
			<key>remoteInfo</key>
			<string>Expectation</string>
		</dict>
		<key>d8e00a7870e087bb81f25a99e403425f</key>
		<dict>
			<key>fileRef</key>
			<string>ca0ffbb8a032c51d4dc6d23e3ca91ab9</string>
			<key>isa</key>
			<string>PBXBuildFile</string>
		</dict>
		<key>d8e050532379d47d3a12d2efcf123cc3</key>
		<dict>
			<key>fileRef</key>
			<string>b677404f3c35a684671614001ca41701</string>
			<key>isa</key>
			<string>PBXBuildFile</string>
		</dict>
		<key>e2074224369b93f4b09a5ccde4655dd3</key>
		<dict>
			<key>fileEncoding</key>
			<string>4</string>
			<key>isa</key>
			<string>PBXFileReference</string>
			<key>lastKnownFileType</key>
			<string>sourcecode.swift</string>
			<key>path</key>
			<string>Expectation+BeGreaterThanOrEqualTo.swift</string>
			<key>sourceTree</key>
			<string>&lt;group&gt;</string>
		</dict>
		<key>e34d5552524e7d98c7d306cbedef86f9</key>
		<dict>
			<key>fileRef</key>
			<string>ccd84ffd98c7bce271e4a3292a87f1cd</string>
			<key>isa</key>
			<string>PBXBuildFile</string>
		</dict>
		<key>e655280587e102be7e767afed5c99c97</key>
		<dict>
			<key>fileEncoding</key>
			<string>4</string>
			<key>isa</key>
			<string>PBXFileReference</string>
			<key>lastKnownFileType</key>
			<string>sourcecode.swift</string>
			<key>path</key>
			<string>Expectation+BeGreaterThanOrEqualTo_Spec.swift</string>
			<key>sourceTree</key>
			<string>&lt;group&gt;</string>
		</dict>
		<key>e7305ae3830b1b2d66655b4e86122f15</key>
		<dict>
			<key>fileRef</key>
			<string>98f095dc629a028bf4076ae2447d317d</string>
			<key>isa</key>
			<string>PBXBuildFile</string>
		</dict>
		<key>eb0b60f0aa7103a0cfae8d47337e095c</key>
		<dict>
			<key>buildSettings</key>
			<dict>
				<key>INFOPLIST_FILE</key>
				<string>Tests/Info.plist</string>
				<key>IPHONEOS_DEPLOYMENT_TARGET</key>
				<string>9.2</string>
				<key>LD_RUNPATH_SEARCH_PATHS</key>
				<string>$(inherited) @executable_path/Frameworks @loader_path/Frameworks</string>
				<key>ONLY_ACTIVE_ARCH</key>
				<string>NO</string>
				<key>PRODUCT_BUNDLE_IDENTIFIER</key>
				<string>me.oliveratkinson.Expectation.Tests</string>
				<key>PRODUCT_NAME</key>
				<string>$(TARGET_NAME)</string>
				<key>SDKROOT</key>
				<string>iphoneos</string>
			</dict>
			<key>isa</key>
			<string>XCBuildConfiguration</string>
			<key>name</key>
			<string>Release</string>
		</dict>
		<key>ee40ad60566305d2e0d35aea8f3a6dd2</key>
		<dict>
			<key>fileRef</key>
			<string>c1c685f0d4a5f36b004544fb1ed2cac3</string>
			<key>isa</key>
			<string>PBXBuildFile</string>
		</dict>
		<key>ef8572e3db58cb7bd54c3dc90ce63c0b</key>
		<dict>
			<key>fileEncoding</key>
			<string>4</string>
			<key>isa</key>
			<string>PBXFileReference</string>
			<key>lastKnownFileType</key>
			<string>sourcecode.swift</string>
			<key>path</key>
			<string>Expectation+BeNil.swift</string>
			<key>sourceTree</key>
			<string>&lt;group&gt;</string>
		</dict>
		<key>f228295a08806b9c057d35145905d3e6</key>
		<dict>
			<key>buildActionMask</key>
			<string>2147483647</string>
			<key>files</key>
			<array/>
			<key>isa</key>
			<string>PBXResourcesBuildPhase</string>
			<key>runOnlyForDeploymentPostprocessing</key>
			<string>0</string>
		</dict>
		<key>f77cf39d2c008467a61ac4d42036c7f2</key>
		<dict>
			<key>fileRef</key>
			<string>bfc6f9ce128873514405feb56b3e44a8</string>
			<key>isa</key>
			<string>PBXBuildFile</string>
		</dict>
		<key>f8ff82ce4393f0c74ad73350eac4dbde</key>
		<dict>
			<key>buildActionMask</key>
			<string>2147483647</string>
			<key>files</key>
			<array>
				<string>4ed58aaf661173c4ee0d5026cd8275ca</string>
				<string>4f8352bcd9928e337fbb4d99f61957a6</string>
				<string>d8e00a7870e087bb81f25a99e403425f</string>
				<string>f77cf39d2c008467a61ac4d42036c7f2</string>
				<string>94f59331bfeb80acb181fa01720609c8</string>
				<string>b8205e624fb953238b5af92901c04c39</string>
				<string>94059eaa74ff1d9f9f5a9b5d54092324</string>
				<string>8c7778a04a61a7a4256c8c3723aab02c</string>
				<string>3f070ba3b2c1339b8853e835fa99cdd8</string>
				<string>103bac1c42f3a52a3ffbd1bd2b5ca942</string>
				<string>a55842c611b631422d8a3d6b177921b7</string>
				<string>4225b0dbac2deb64946ab8aeb08604f3</string>
				<string>6d893be37914e17da621444a5fc88663</string>
				<string>e7305ae3830b1b2d66655b4e86122f15</string>
				<string>a706043ba96b0f20a8d05a4e0bce2f15</string>
				<string>d8e050532379d47d3a12d2efcf123cc3</string>
				<string>d25e1ee5525b4b35032c7c4ffce01436</string>
				<string>b806e543e0b5d182faadf2b4b601a533</string>
				<string>7dc40c77337c3914a22a5586a8bc5235</string>
				<string>2a50b5b4962365eb94273bd8046552bd</string>
			</array>
			<key>isa</key>
			<string>PBXSourcesBuildPhase</string>
			<key>runOnlyForDeploymentPostprocessing</key>
			<string>0</string>
		</dict>
		<key>fa7c414854b478add63427309f4278e9</key>
		<dict>
			<key>fileRef</key>
			<string>52ea079f0b1364832331981bc969b850</string>
			<key>isa</key>
			<string>PBXBuildFile</string>
		</dict>
		<key>fed07e4b172e08eee35602a3c2f06c93</key>
		<dict>
			<key>fileEncoding</key>
			<string>4</string>
			<key>isa</key>
			<string>PBXFileReference</string>
			<key>lastKnownFileType</key>
			<string>sourcecode.swift</string>
			<key>path</key>
			<string>Expectation+BeLessThanOrEqualTo_Spec.swift</string>
			<key>sourceTree</key>
			<string>&lt;group&gt;</string>
		</dict>
	</dict>
	<key>rootObject</key>
	<string>03d740d06093820601a9e571e9786df8</string>
</dict>
</plist>
